
Microsoft Visual Studio Solution File, Format Version 12.00
# Visual Studio Version 16
VisualStudioVersion = 16.0.30225.117
MinimumVisualStudioVersion = 10.0.40219.1
Project("{FAE04EC0-301F-11D3-BF4B-00C04F79EFBC}") = "Server_01", "Server_01.csproj", "{31928E14-1739-4624-87A3-21724C7EFD0B}"
EndProject
Global
	GlobalSection(SolutionConfigurationPlatforms) = preSolution
		Debug|Any CPU = Debug|Any CPU
		Release|Any CPU = Release|Any CPU
	EndGlobalSection
	GlobalSection(ProjectConfigurationPlatforms) = postSolution
		{31928E14-1739-4624-87A3-21724C7EFD0B}.Debug|Any CPU.ActiveCfg = Debug|Any CPU
		{31928E14-1739-4624-87A3-21724C7EFD0B}.Debug|Any CPU.Build.0 = Debug|Any CPU
		{31928E14-1739-4624-87A3-21724C7EFD0B}.Release|Any CPU.ActiveCfg = Release|Any CPU
		{31928E14-1739-4624-87A3-21724C7EFD0B}.Release|Any CPU.Build.0 = Release|Any CPU
	EndGlobalSection
	GlobalSection(SolutionProperties) = preSolution
		HideSolutionNode = FALSE
	EndGlobalSection
	GlobalSection(ExtensibilityGlobals) = postSolution
		SolutionGuid = {8B5BED7C-5911-47A5-AAA4-7A98A0397340}
	EndGlobalSection
EndGlobal
